
Microsoft Visual Studio Solution File, Format Version 12.00
# Visual Studio Version 17
VisualStudioVersion = 17.9.34728.123
MinimumVisualStudioVersion = 10.0.40219.1
Project("{FAE04EC0-301F-11D3-BF4B-00C04F79EFBC}") = "BasicPracticeOf_C-Sharp", "BasicPracticeOf_C-Sharp\BasicPracticeOf_C-Sharp.csproj", "{2FDDBF7E-F48B-4E68-BF04-8D5C80BC92B6}"
EndProject
Global
	GlobalSection(SolutionConfigurationPlatforms) = preSolution
		Debug|Any CPU = Debug|Any CPU
		Release|Any CPU = Release|Any CPU
	EndGlobalSection
	GlobalSection(ProjectConfigurationPlatforms) = postSolution
		{2FDDBF7E-F48B-4E68-BF04-8D5C80BC92B6}.Debug|Any CPU.ActiveCfg = Debug|Any CPU
		{2FDDBF7E-F48B-4E68-BF04-8D5C80BC92B6}.Debug|Any CPU.Build.0 = Debug|Any CPU
		{2FDDBF7E-F48B-4E68-BF04-8D5C80BC92B6}.Release|Any CPU.ActiveCfg = Release|Any CPU
		{2FDDBF7E-F48B-4E68-BF04-8D5C80BC92B6}.Release|Any CPU.Build.0 = Release|Any CPU
	EndGlobalSection
	GlobalSection(SolutionProperties) = preSolution
		HideSolutionNode = FALSE
	EndGlobalSection
	GlobalSection(ExtensibilityGlobals) = postSolution
		SolutionGuid = {B96931B6-103A-405A-8B0C-1965DB7E7C8A}
	EndGlobalSection
EndGlobal
