
Microsoft Visual Studio Solution File, Format Version 12.00
# Visual Studio Version 17
VisualStudioVersion = 17.9.34728.123
MinimumVisualStudioVersion = 10.0.40219.1
Project("{FAE04EC0-301F-11D3-BF4B-00C04F79EFBC}") = "Model_DTO_Mapper_Example", "Model_DTO_Mapper_Example\Model_DTO_Mapper_Example.csproj", "{6465287B-83EF-4EB8-971A-75BE91378545}"
EndProject
Global
	GlobalSection(SolutionConfigurationPlatforms) = preSolution
		Debug|Any CPU = Debug|Any CPU
		Release|Any CPU = Release|Any CPU
	EndGlobalSection
	GlobalSection(ProjectConfigurationPlatforms) = postSolution
		{6465287B-83EF-4EB8-971A-75BE91378545}.Debug|Any CPU.ActiveCfg = Debug|Any CPU
		{6465287B-83EF-4EB8-971A-75BE91378545}.Debug|Any CPU.Build.0 = Debug|Any CPU
		{6465287B-83EF-4EB8-971A-75BE91378545}.Release|Any CPU.ActiveCfg = Release|Any CPU
		{6465287B-83EF-4EB8-971A-75BE91378545}.Release|Any CPU.Build.0 = Release|Any CPU
	EndGlobalSection
	GlobalSection(SolutionProperties) = preSolution
		HideSolutionNode = FALSE
	EndGlobalSection
	GlobalSection(ExtensibilityGlobals) = postSolution
		SolutionGuid = {5DCFFF0D-3D99-4BFF-BCD8-B840B6CCC506}
	EndGlobalSection
EndGlobal
